
Microsoft Visual Studio Solution File, Format Version 12.00
# Visual Studio Version 17
VisualStudioVersion = 17.10.34916.146
MinimumVisualStudioVersion = 10.0.40219.1
Project("{FAE04EC0-301F-11D3-BF4B-00C04F79EFBC}") = "для 6", "для 6\для 6.csproj", "{4B869ACC-443B-48F1-AF19-A0E47C76F298}"
EndProject
Global
	GlobalSection(SolutionConfigurationPlatforms) = preSolution
		Debug|Any CPU = Debug|Any CPU
		Release|Any CPU = Release|Any CPU
	EndGlobalSection
	GlobalSection(ProjectConfigurationPlatforms) = postSolution
		{4B869ACC-443B-48F1-AF19-A0E47C76F298}.Debug|Any CPU.ActiveCfg = Debug|Any CPU
		{4B869ACC-443B-48F1-AF19-A0E47C76F298}.Debug|Any CPU.Build.0 = Debug|Any CPU
		{4B869ACC-443B-48F1-AF19-A0E47C76F298}.Release|Any CPU.ActiveCfg = Release|Any CPU
		{4B869ACC-443B-48F1-AF19-A0E47C76F298}.Release|Any CPU.Build.0 = Release|Any CPU
	EndGlobalSection
	GlobalSection(SolutionProperties) = preSolution
		HideSolutionNode = FALSE
	EndGlobalSection
	GlobalSection(ExtensibilityGlobals) = postSolution
		SolutionGuid = {2C2B81E2-5B50-47AE-A96A-3B548A8433DD}
	EndGlobalSection
EndGlobal
